
Microsoft Visual Studio Solution File, Format Version 12.00
# Visual Studio Version 17
VisualStudioVersion = 17.9.34723.18
MinimumVisualStudioVersion = 10.0.40219.1
Project("{FAE04EC0-301F-11D3-BF4B-00C04F79EFBC}") = "Student.Api", "Student.Api\Student.Api.csproj", "{DDA1361E-B1DE-4964-8347-1BAE949D3C8B}"
EndProject
Global
	GlobalSection(SolutionConfigurationPlatforms) = preSolution
		Debug|Any CPU = Debug|Any CPU
		Release|Any CPU = Release|Any CPU
	EndGlobalSection
	GlobalSection(ProjectConfigurationPlatforms) = postSolution
		{DDA1361E-B1DE-4964-8347-1BAE949D3C8B}.Debug|Any CPU.ActiveCfg = Debug|Any CPU
		{DDA1361E-B1DE-4964-8347-1BAE949D3C8B}.Debug|Any CPU.Build.0 = Debug|Any CPU
		{DDA1361E-B1DE-4964-8347-1BAE949D3C8B}.Release|Any CPU.ActiveCfg = Release|Any CPU
		{DDA1361E-B1DE-4964-8347-1BAE949D3C8B}.Release|Any CPU.Build.0 = Release|Any CPU
	EndGlobalSection
	GlobalSection(SolutionProperties) = preSolution
		HideSolutionNode = FALSE
	EndGlobalSection
	GlobalSection(ExtensibilityGlobals) = postSolution
		SolutionGuid = {D53B6153-1E40-4857-8AC3-9306898F23AB}
	EndGlobalSection
EndGlobal
